
Microsoft Visual Studio Solution File, Format Version 12.00
# Visual Studio Version 17
VisualStudioVersion = 17.11.35303.130
MinimumVisualStudioVersion = 10.0.40219.1
Project("{8BC9CEB8-8B4A-11D0-8D11-00A0C91BC942}") = "1.30CContinue", "1.30CContinue.vcxproj", "{8D63D1F7-7E73-4555-94A5-8D5B972C5815}"
EndProject
Global
	GlobalSection(SolutionConfigurationPlatforms) = preSolution
		Debug|x64 = Debug|x64
		Debug|x86 = Debug|x86
		Release|x64 = Release|x64
		Release|x86 = Release|x86
	EndGlobalSection
	GlobalSection(ProjectConfigurationPlatforms) = postSolution
		{8D63D1F7-7E73-4555-94A5-8D5B972C5815}.Debug|x64.ActiveCfg = Debug|x64
		{8D63D1F7-7E73-4555-94A5-8D5B972C5815}.Debug|x64.Build.0 = Debug|x64
		{8D63D1F7-7E73-4555-94A5-8D5B972C5815}.Debug|x86.ActiveCfg = Debug|Win32
		{8D63D1F7-7E73-4555-94A5-8D5B972C5815}.Debug|x86.Build.0 = Debug|Win32
		{8D63D1F7-7E73-4555-94A5-8D5B972C5815}.Release|x64.ActiveCfg = Release|x64
		{8D63D1F7-7E73-4555-94A5-8D5B972C5815}.Release|x64.Build.0 = Release|x64
		{8D63D1F7-7E73-4555-94A5-8D5B972C5815}.Release|x86.ActiveCfg = Release|Win32
		{8D63D1F7-7E73-4555-94A5-8D5B972C5815}.Release|x86.Build.0 = Release|Win32
	EndGlobalSection
	GlobalSection(SolutionProperties) = preSolution
		HideSolutionNode = FALSE
	EndGlobalSection
	GlobalSection(ExtensibilityGlobals) = postSolution
		SolutionGuid = {5953C503-2AF2-48AD-9FDE-3D4FD2E65CC4}
	EndGlobalSection
EndGlobal
